
Microsoft Visual Studio Solution File, Format Version 12.00
# Visual Studio 15
VisualStudioVersion = 15.0.28010.2026
MinimumVisualStudioVersion = 10.0.40219.1
Project("{FAE04EC0-301F-11D3-BF4B-00C04F79EFBC}") = "Stormwater_Analysis", "Stormwater_Analysis\Stormwater_Analysis.csproj", "{5DD708AF-9E21-47F7-A399-D803368208E1}"
EndProject
Global
	GlobalSection(SolutionConfigurationPlatforms) = preSolution
		Debug|Any CPU = Debug|Any CPU
		Release|Any CPU = Release|Any CPU
	EndGlobalSection
	GlobalSection(ProjectConfigurationPlatforms) = postSolution
		{5DD708AF-9E21-47F7-A399-D803368208E1}.Debug|Any CPU.ActiveCfg = Debug|Any CPU
		{5DD708AF-9E21-47F7-A399-D803368208E1}.Debug|Any CPU.Build.0 = Debug|Any CPU
		{5DD708AF-9E21-47F7-A399-D803368208E1}.Release|Any CPU.ActiveCfg = Release|Any CPU
		{5DD708AF-9E21-47F7-A399-D803368208E1}.Release|Any CPU.Build.0 = Release|Any CPU
	EndGlobalSection
	GlobalSection(SolutionProperties) = preSolution
		HideSolutionNode = FALSE
	EndGlobalSection
	GlobalSection(ExtensibilityGlobals) = postSolution
		SolutionGuid = {FB90AB1D-6FC1-49A8-828B-6986AA6B8F62}
	EndGlobalSection
EndGlobal
